{
  "name": "janf",
  "version": "0.0.1",
  "lockfileVersion": 1,
  "requires": true,
  "dependencies": {
    "abbrev": {
      "version": "1.1.1",
      "resolved": "https://registry.npmjs.org/abbrev/-/abbrev-1.1.1.tgz",
      "integrity": "sha512-nne9/IiQ/hzIhY6pdDnbBtz7DjPTKrY00P/zvPSm5pOFkl6xuGrGnXn/VtTNNfNtAfZ9/1RtehkszU9qcTii0Q==",
      "dev": true
    },
    "accepts": {
      "version": "1.3.5",
      "resolved": "https://registry.npmjs.org/accepts/-/accepts-1.3.5.tgz",
      "integrity": "sha1-63d99gEXI6OxTopywIBcjoZ0a9I=",
      "requires": {
        "mime-types": "~2.1.18",
        "negotiator": "0.6.1"
      }
    },
    "after": {
      "version": "0.8.2",
      "resolved": "https://registry.npmjs.org/after/-/after-0.8.2.tgz",
      "integrity": "sha1-/ts5T58OAqqXaOcCvaI7UF+ufh8="
    },
    "argparse": {
      "version": "0.1.16",
      "resolved": "https://registry.npmjs.org/argparse/-/argparse-0.1.16.tgz",
      "integrity": "sha1-z9AeD7uj1srtBJ+9dY1A9lGW9Xw=",
      "dev": true,
      "requires": {
        "underscore": "~1.7.0",
        "underscore.string": "~2.4.0"
      },
      "dependencies": {
        "underscore.string": {
          "version": "2.4.0",
          "resolved": "https://registry.npmjs.org/underscore.string/-/underscore.string-2.4.0.tgz",
          "integrity": "sha1-jN2PusTi0uoefi6Al8QvRCKA+Fs=",
          "dev": true
        }
      }
    },
    "arraybuffer.slice": {
      "version": "0.0.7",
      "resolved": "https://registry.npmjs.org/arraybuffer.slice/-/arraybuffer.slice-0.0.7.tgz",
      "integrity": "sha512-wGUIVQXuehL5TCqQun8OW81jGzAWycqzFF8lFp+GOM5BXLYj3bKNsYC4daB7n6XjCqxQA/qgTJ+8ANR3acjrog=="
    },
    "async": {
      "version": "0.1.22",
      "resolved": "https://registry.npmjs.org/async/-/async-0.1.22.tgz",
      "integrity": "sha1-D8GqoIig4+8Ovi2IMbqw3PiEUGE=",
      "dev": true
    },
    "async-limiter": {
      "version": "1.0.0",
      "resolved": "https://registry.npmjs.org/async-limiter/-/async-limiter-1.0.0.tgz",
      "integrity": "sha512-jp/uFnooOiO+L211eZOoSyzpOITMXx1rBITauYykG3BRYPu8h0UcxsPNB04RR5vo4Tyz3+ay17tR6JVf9qzYWg=="
    },
    "asynckit": {
      "version": "0.4.0",
      "resolved": "https://registry.npmjs.org/asynckit/-/asynckit-0.4.0.tgz",
      "integrity": "sha1-x57Zf380y48robyXkLzDZkdLS3k="
    },
    "backo2": {
      "version": "1.0.2",
      "resolved": "https://registry.npmjs.org/backo2/-/backo2-1.0.2.tgz",
      "integrity": "sha1-MasayLEpNjRj41s+u2n038+6eUc="
    },
    "base64-arraybuffer": {
      "version": "0.1.5",
      "resolved": "https://registry.npmjs.org/base64-arraybuffer/-/base64-arraybuffer-0.1.5.tgz",
      "integrity": "sha1-c5JncZI7Whl0etZmqlzUv5xunOg="
    },
    "base64id": {
      "version": "1.0.0",
      "resolved": "https://registry.npmjs.org/base64id/-/base64id-1.0.0.tgz",
      "integrity": "sha1-R2iMuZu2gE8OBtPnY7HDLlfY5rY="
    },
    "better-assert": {
      "version": "1.0.2",
      "resolved": "https://registry.npmjs.org/better-assert/-/better-assert-1.0.2.tgz",
      "integrity": "sha1-QIZrnhueC1W0gYlDEeaPr/rrxSI=",
      "requires": {
        "callsite": "1.0.0"
      }
    },
    "bignumber.js": {
      "version": "4.1.0",
      "resolved": "https://registry.npmjs.org/bignumber.js/-/bignumber.js-4.1.0.tgz",
      "integrity": "sha512-eJzYkFYy9L4JzXsbymsFn3p54D+llV27oTQ+ziJG7WFRheJcNZilgVXMG0LoZtlQSKBsJdWtLFqOD0u+U0jZKA==",
      "dev": true
    },
    "bindings": {
      "version": "1.2.1",
      "resolved": "https://registry.npmjs.org/bindings/-/bindings-1.2.1.tgz",
      "integrity": "sha1-FK1hE4EtLTfXLme0ystLtyZQXxE=",
      "dev": true
    },
    "blob": {
      "version": "0.0.4",
      "resolved": "https://registry.npmjs.org/blob/-/blob-0.0.4.tgz",
      "integrity": "sha1-vPEwUspURj8w+fx+lbmkdjCpSSE="
    },
    "buffer-writer": {
      "version": "1.0.0",
      "resolved": "https://registry.npmjs.org/buffer-writer/-/buffer-writer-1.0.0.tgz",
      "integrity": "sha1-bCnDst6gyeRVofJhoZmkigT4iwg=",
      "dev": true
    },
    "callsite": {
      "version": "1.0.0",
      "resolved": "https://registry.npmjs.org/callsite/-/callsite-1.0.0.tgz",
      "integrity": "sha1-KAOY5dZkvXQDi28JBRU+borxvCA="
    },
    "coffee-script": {
      "version": "1.3.3",
      "resolved": "https://registry.npmjs.org/coffee-script/-/coffee-script-1.3.3.tgz",
      "integrity": "sha1-FQ1rTLUiiUNp7+1qIQHCC8f0pPQ=",
      "dev": true
    },
    "colors": {
      "version": "1.3.2",
      "resolved": "https://registry.npmjs.org/colors/-/colors-1.3.2.tgz",
      "integrity": "sha512-rhP0JSBGYvpcNQj4s5AdShMeE5ahMop96cTeDl/v9qQQm2fYClE2QXZRi8wLzc+GmXSxdIqqbOIAhyObEXDbfQ=="
    },
    "combined-stream": {
      "version": "1.0.6",
      "resolved": "https://registry.npmjs.org/combined-stream/-/combined-stream-1.0.6.tgz",
      "integrity": "sha1-cj599ugBrFYTETp+RFqbactjKBg=",
      "requires": {
        "delayed-stream": "~1.0.0"
      }
    },
    "component-bind": {
      "version": "1.0.0",
      "resolved": "https://registry.npmjs.org/component-bind/-/component-bind-1.0.0.tgz",
      "integrity": "sha1-AMYIq33Nk4l8AAllGx06jh5zu9E="
    },
    "component-emitter": {
      "version": "1.2.1",
      "resolved": "https://registry.npmjs.org/component-emitter/-/component-emitter-1.2.1.tgz",
      "integrity": "sha1-E3kY1teCg/ffemt8WmPhQOaUJeY="
    },
    "component-inherit": {
      "version": "0.0.3",
      "resolved": "https://registry.npmjs.org/component-inherit/-/component-inherit-0.0.3.tgz",
      "integrity": "sha1-ZF/ErfWLcrZJ1crmUTVhnbJv8UM="
    },
    "connect-form": {
      "version": "0.2.1",
      "resolved": "https://registry.npmjs.org/connect-form/-/connect-form-0.2.1.tgz",
      "integrity": "sha1-In/UYLzRNuNjH4h1xtjKZVuJpjk=",
      "requires": {
        "formidable": ">= 0.9.3"
      }
    },
    "cookie": {
      "version": "0.3.1",
      "resolved": "https://registry.npmjs.org/cookie/-/cookie-0.3.1.tgz",
      "integrity": "sha1-5+Ch+e9DtMi6klxcWpboBtFoc7s="
    },
    "core-util-is": {
      "version": "1.0.2",
      "resolved": "https://registry.npmjs.org/core-util-is/-/core-util-is-1.0.2.tgz",
      "integrity": "sha1-tf1UIgqivFq1eqtxQMlAdUUDwac=",
      "dev": true
    },
    "dateformat": {
      "version": "1.0.2-1.2.3",
      "resolved": "https://registry.npmjs.org/dateformat/-/dateformat-1.0.2-1.2.3.tgz",
      "integrity": "sha1-sCIMAt6YYXQztyhRz0fePfLNvuk=",
      "dev": true
    },
    "debug": {
      "version": "3.1.0",
      "resolved": "https://registry.npmjs.org/debug/-/debug-3.1.0.tgz",
      "integrity": "sha512-OX8XqP7/1a9cqkxYw2yXss15f26NKWBpDXQd0/uK/KPqdQhxbPa994hnzjcE2VqQpDslf55723cKPUOGSmMY3g==",
      "requires": {
        "ms": "2.0.0"
      }
    },
    "delayed-stream": {
      "version": "1.0.0",
      "resolved": "https://registry.npmjs.org/delayed-stream/-/delayed-stream-1.0.0.tgz",
      "integrity": "sha1-3zrhmayt+31ECqrgsp4icrJOxhk="
    },
    "depd": {
      "version": "1.1.2",
      "resolved": "https://registry.npmjs.org/depd/-/depd-1.1.2.tgz",
      "integrity": "sha1-m81S4UwJd2PnSbJ0xDRu0uVgtak="
    },
    "engine.io": {
      "version": "3.2.0",
      "resolved": "https://registry.npmjs.org/engine.io/-/engine.io-3.2.0.tgz",
      "integrity": "sha512-mRbgmAtQ4GAlKwuPnnAvXXwdPhEx+jkc0OBCLrXuD/CRvwNK3AxRSnqK4FSqmAMRRHryVJP8TopOvmEaA64fKw==",
      "requires": {
        "accepts": "~1.3.4",
        "base64id": "1.0.0",
        "cookie": "0.3.1",
        "debug": "~3.1.0",
        "engine.io-parser": "~2.1.0",
        "ws": "~3.3.1"
      }
    },
    "engine.io-client": {
      "version": "3.2.1",
      "resolved": "https://registry.npmjs.org/engine.io-client/-/engine.io-client-3.2.1.tgz",
      "integrity": "sha512-y5AbkytWeM4jQr7m/koQLc5AxpRKC1hEVUb/s1FUAWEJq5AzJJ4NLvzuKPuxtDi5Mq755WuDvZ6Iv2rXj4PTzw==",
      "requires": {
        "component-emitter": "1.2.1",
        "component-inherit": "0.0.3",
        "debug": "~3.1.0",
        "engine.io-parser": "~2.1.1",
        "has-cors": "1.1.0",
        "indexof": "0.0.1",
        "parseqs": "0.0.5",
        "parseuri": "0.0.5",
        "ws": "~3.3.1",
        "xmlhttprequest-ssl": "~1.5.4",
        "yeast": "0.1.2"
      }
    },
    "engine.io-parser": {
      "version": "2.1.2",
      "resolved": "https://registry.npmjs.org/engine.io-parser/-/engine.io-parser-2.1.2.tgz",
      "integrity": "sha512-dInLFzr80RijZ1rGpx1+56/uFoH7/7InhH3kZt+Ms6hT8tNx3NGW/WNSA/f8As1WkOfkuyb3tnRyuXGxusclMw==",
      "requires": {
        "after": "0.8.2",
        "arraybuffer.slice": "~0.0.7",
        "base64-arraybuffer": "0.1.5",
        "blob": "0.0.4",
        "has-binary2": "~1.0.2"
      }
    },
    "esprima": {
      "version": "1.0.4",
      "resolved": "https://registry.npmjs.org/esprima/-/esprima-1.0.4.tgz",
      "integrity": "sha1-n1V+CPw7TSbs6d00+Pv0drYlha0=",
      "dev": true
    },
    "eventemitter2": {
      "version": "0.4.14",
      "resolved": "http://registry.npmjs.org/eventemitter2/-/eventemitter2-0.4.14.tgz",
      "integrity": "sha1-j2G3XN4BKy6esoTUVFWDtWQ7Yas=",
      "dev": true
    },
    "exit": {
      "version": "0.1.2",
      "resolved": "https://registry.npmjs.org/exit/-/exit-0.1.2.tgz",
      "integrity": "sha1-BjJjj42HfMghB9MKD/8aF8uhzQw=",
      "dev": true
    },
    "faye-websocket": {
      "version": "0.4.4",
      "resolved": "https://registry.npmjs.org/faye-websocket/-/faye-websocket-0.4.4.tgz",
      "integrity": "sha1-wUxbO/FNdBf/v9mQwKdJXNnzN7w=",
      "dev": true
    },
    "fd-slicer": {
      "version": "1.1.0",
      "resolved": "https://registry.npmjs.org/fd-slicer/-/fd-slicer-1.1.0.tgz",
      "integrity": "sha1-JcfInLH5B3+IkbvmHY85Dq4lbx4=",
      "requires": {
        "pend": "~1.2.0"
      }
    },
    "findup-sync": {
      "version": "0.1.3",
      "resolved": "https://registry.npmjs.org/findup-sync/-/findup-sync-0.1.3.tgz",
      "integrity": "sha1-fz56l7gjksZTvwZYm9hRkOk8NoM=",
      "dev": true,
      "requires": {
        "glob": "~3.2.9",
        "lodash": "~2.4.1"
      },
      "dependencies": {
        "glob": {
          "version": "3.2.11",
          "resolved": "https://registry.npmjs.org/glob/-/glob-3.2.11.tgz",
          "integrity": "sha1-Spc/Y1uRkPcV0QmH1cAP0oFevj0=",
          "dev": true,
          "requires": {
            "inherits": "2",
            "minimatch": "0.3"
          }
        },
        "lodash": {
          "version": "2.4.2",
          "resolved": "http://registry.npmjs.org/lodash/-/lodash-2.4.2.tgz",
          "integrity": "sha1-+t2DS5aDBz2hebPq5tnA0VBT9z4=",
          "dev": true
        },
        "minimatch": {
          "version": "0.3.0",
          "resolved": "https://registry.npmjs.org/minimatch/-/minimatch-0.3.0.tgz",
          "integrity": "sha1-J12O2qxPG7MyZHIInnlJyDlGmd0=",
          "dev": true,
          "requires": {
            "lru-cache": "2",
            "sigmund": "~1.0.0"
          }
        }
      }
    },
    "form-data": {
      "version": "2.3.2",
      "resolved": "https://registry.npmjs.org/form-data/-/form-data-2.3.2.tgz",
      "integrity": "sha1-SXBJi+YEwgwAXU9cI67NIda0kJk=",
      "requires": {
        "asynckit": "^0.4.0",
        "combined-stream": "1.0.6",
        "mime-types": "^2.1.12"
      }
    },
    "formidable": {
      "version": "1.2.1",
      "resolved": "https://registry.npmjs.org/formidable/-/formidable-1.2.1.tgz",
      "integrity": "sha512-Fs9VRguL0gqGHkXS5GQiMCr1VhZBxz0JnJs4JmMp/2jL18Fmbzvv7vOFRU+U8TBkHEE/CX1qDXzJplVULgsLeg=="
    },
    "gaze": {
      "version": "0.5.2",
      "resolved": "https://registry.npmjs.org/gaze/-/gaze-0.5.2.tgz",
      "integrity": "sha1-QLcJU30k0dRXZ9takIaJ3+aaxE8=",
      "dev": true,
      "requires": {
        "globule": "~0.1.0"
      }
    },
    "generic-pool": {
      "version": "2.1.1",
      "resolved": "https://registry.npmjs.org/generic-pool/-/generic-pool-2.1.1.tgz",
      "integrity": "sha1-rwTcLDJc/Ll1Aj+lK/zpYXp0Nf0=",
      "dev": true
    },
    "getobject": {
      "version": "0.1.0",
      "resolved": "https://registry.npmjs.org/getobject/-/getobject-0.1.0.tgz",
      "integrity": "sha1-BHpEl4n6Fg0Bj1SG7ZEyC27HiFw=",
      "dev": true
    },
    "glob": {
      "version": "3.1.21",
      "resolved": "https://registry.npmjs.org/glob/-/glob-3.1.21.tgz",
      "integrity": "sha1-0p4KBV3qUTj00H7UDomC6DwgZs0=",
      "dev": true,
      "requires": {
        "graceful-fs": "~1.2.0",
        "inherits": "1",
        "minimatch": "~0.2.11"
      },
      "dependencies": {
        "graceful-fs": {
          "version": "1.2.3",
          "resolved": "https://registry.npmjs.org/graceful-fs/-/graceful-fs-1.2.3.tgz",
          "integrity": "sha1-FaSAaldUfLLS2/J/QuiajDRRs2Q=",
          "dev": true
        },
        "inherits": {
          "version": "1.0.2",
          "resolved": "https://registry.npmjs.org/inherits/-/inherits-1.0.2.tgz",
          "integrity": "sha1-ykMJ2t7mtUzAuNJH6NfHoJdb3Js=",
          "dev": true
        }
      }
    },
    "globule": {
      "version": "0.1.0",
      "resolved": "https://registry.npmjs.org/globule/-/globule-0.1.0.tgz",
      "integrity": "sha1-2cjt3h2nnRJaFRt5UzuXhnY0auU=",
      "dev": true,
      "requires": {
        "glob": "~3.1.21",
        "lodash": "~1.0.1",
        "minimatch": "~0.2.11"
      },
      "dependencies": {
        "lodash": {
          "version": "1.0.2",
          "resolved": "http://registry.npmjs.org/lodash/-/lodash-1.0.2.tgz",
          "integrity": "sha1-j1dWDIO1n8JwvT1WG2kAQ0MOJVE=",
          "dev": true
        }
      }
    },
    "grunt": {
      "version": "0.4.5",
      "resolved": "https://registry.npmjs.org/grunt/-/grunt-0.4.5.tgz",
      "integrity": "sha1-VpN81RlDJK3/bSB2MYMqnWuk5/A=",
      "dev": true,
      "requires": {
        "async": "~0.1.22",
        "coffee-script": "~1.3.3",
        "colors": "~0.6.2",
        "dateformat": "1.0.2-1.2.3",
        "eventemitter2": "~0.4.13",
        "exit": "~0.1.1",
        "findup-sync": "~0.1.2",
        "getobject": "~0.1.0",
        "glob": "~3.1.21",
        "grunt-legacy-log": "~0.1.0",
        "grunt-legacy-util": "~0.2.0",
        "hooker": "~0.2.3",
        "iconv-lite": "~0.2.11",
        "js-yaml": "~2.0.5",
        "lodash": "~0.9.2",
        "minimatch": "~0.2.12",
        "nopt": "~1.0.10",
        "rimraf": "~2.2.8",
        "underscore.string": "~2.2.1",
        "which": "~1.0.5"
      },
      "dependencies": {
        "colors": {
          "version": "0.6.2",
          "resolved": "https://registry.npmjs.org/colors/-/colors-0.6.2.tgz",
          "integrity": "sha1-JCP+ZnisDF2uiFLl0OW+CMmXq8w=",
          "dev": true
        }
      }
    },
    "grunt-contrib-watch": {
      "version": "0.6.1",
      "resolved": "https://registry.npmjs.org/grunt-contrib-watch/-/grunt-contrib-watch-0.6.1.tgz",
      "integrity": "sha1-ZP3LolpjX1tNobbOb5DaCutuPxU=",
      "dev": true,
      "requires": {
        "async": "~0.2.9",
        "gaze": "~0.5.1",
        "lodash": "~2.4.1",
        "tiny-lr-fork": "0.0.5"
      },
      "dependencies": {
        "async": {
          "version": "0.2.10",
          "resolved": "https://registry.npmjs.org/async/-/async-0.2.10.tgz",
          "integrity": "sha1-trvgsGdLnXGXCMo43owjfLUmw9E=",
          "dev": true
        },
        "lodash": {
          "version": "2.4.2",
          "resolved": "http://registry.npmjs.org/lodash/-/lodash-2.4.2.tgz",
          "integrity": "sha1-+t2DS5aDBz2hebPq5tnA0VBT9z4=",
          "dev": true
        }
      }
    },
    "grunt-legacy-log": {
      "version": "0.1.3",
      "resolved": "https://registry.npmjs.org/grunt-legacy-log/-/grunt-legacy-log-0.1.3.tgz",
      "integrity": "sha1-7ClCboAwIa9ZAp+H0vnNczWgVTE=",
      "dev": true,
      "requires": {
        "colors": "~0.6.2",
        "grunt-legacy-log-utils": "~0.1.1",
        "hooker": "~0.2.3",
        "lodash": "~2.4.1",
        "underscore.string": "~2.3.3"
      },
      "dependencies": {
        "colors": {
          "version": "0.6.2",
          "resolved": "https://registry.npmjs.org/colors/-/colors-0.6.2.tgz",
          "integrity": "sha1-JCP+ZnisDF2uiFLl0OW+CMmXq8w=",
          "dev": true
        },
        "lodash": {
          "version": "2.4.2",
          "resolved": "http://registry.npmjs.org/lodash/-/lodash-2.4.2.tgz",
          "integrity": "sha1-+t2DS5aDBz2hebPq5tnA0VBT9z4=",
          "dev": true
        },
        "underscore.string": {
          "version": "2.3.3",
          "resolved": "https://registry.npmjs.org/underscore.string/-/underscore.string-2.3.3.tgz",
          "integrity": "sha1-ccCL9rQosRM/N+ePo6Icgvcymw0=",
          "dev": true
        }
      }
    },
    "grunt-legacy-log-utils": {
      "version": "0.1.1",
      "resolved": "https://registry.npmjs.org/grunt-legacy-log-utils/-/grunt-legacy-log-utils-0.1.1.tgz",
      "integrity": "sha1-wHBrndkGThFvNvI/5OawSGcsD34=",
      "dev": true,
      "requires": {
        "colors": "~0.6.2",
        "lodash": "~2.4.1",
        "underscore.string": "~2.3.3"
      },
      "dependencies": {
        "colors": {
          "version": "0.6.2",
          "resolved": "https://registry.npmjs.org/colors/-/colors-0.6.2.tgz",
          "integrity": "sha1-JCP+ZnisDF2uiFLl0OW+CMmXq8w=",
          "dev": true
        },
        "lodash": {
          "version": "2.4.2",
          "resolved": "http://registry.npmjs.org/lodash/-/lodash-2.4.2.tgz",
          "integrity": "sha1-+t2DS5aDBz2hebPq5tnA0VBT9z4=",
          "dev": true
        },
        "underscore.string": {
          "version": "2.3.3",
          "resolved": "https://registry.npmjs.org/underscore.string/-/underscore.string-2.3.3.tgz",
          "integrity": "sha1-ccCL9rQosRM/N+ePo6Icgvcymw0=",
          "dev": true
        }
      }
    },
    "grunt-legacy-util": {
      "version": "0.2.0",
      "resolved": "https://registry.npmjs.org/grunt-legacy-util/-/grunt-legacy-util-0.2.0.tgz",
      "integrity": "sha1-kzJIhNv343qf98Am3/RR2UqeVUs=",
      "dev": true,
      "requires": {
        "async": "~0.1.22",
        "exit": "~0.1.1",
        "getobject": "~0.1.0",
        "hooker": "~0.2.3",
        "lodash": "~0.9.2",
        "underscore.string": "~2.2.1",
        "which": "~1.0.5"
      }
    },
    "grunt-open": {
      "version": "0.2.3",
      "resolved": "https://registry.npmjs.org/grunt-open/-/grunt-open-0.2.3.tgz",
      "integrity": "sha1-FFrEUCalf8+qQz/9c5iuRtK9OVc=",
      "dev": true,
      "requires": {
        "open": "~0.0.4"
      }
    },
    "has-binary2": {
      "version": "1.0.3",
      "resolved": "https://registry.npmjs.org/has-binary2/-/has-binary2-1.0.3.tgz",
      "integrity": "sha512-G1LWKhDSvhGeAQ8mPVQlqNcOB2sJdwATtZKl2pDKKHfpf/rYj24lkinxf69blJbnsvtqqNU+L3SL50vzZhXOnw==",
      "requires": {
        "isarray": "2.0.1"
      }
    },
    "has-cors": {
      "version": "1.1.0",
      "resolved": "https://registry.npmjs.org/has-cors/-/has-cors-1.1.0.tgz",
      "integrity": "sha1-XkdHk/fqmEPRu5nCPu9J/xJv/zk="
    },
    "hooker": {
      "version": "0.2.3",
      "resolved": "https://registry.npmjs.org/hooker/-/hooker-0.2.3.tgz",
      "integrity": "sha1-uDT3I8xKJCqmWWNFnfbZhMXT2Vk=",
      "dev": true
    },
    "http-errors": {
      "version": "1.7.0",
      "resolved": "https://registry.npmjs.org/http-errors/-/http-errors-1.7.0.tgz",
      "integrity": "sha512-hz3BtSHB7Z6dNWzYc+gUbWqG4dIpJedwwOhe1cvGUq5tGmcTTIRkPiAbyh/JlZx+ksSJyGJlgcHo5jGahiXnKw==",
      "requires": {
        "depd": "~1.1.2",
        "inherits": "2.0.3",
        "setprototypeof": "1.1.0",
        "statuses": ">= 1.5.0 < 2",
        "toidentifier": "1.0.0"
      }
    },
    "iconv-lite": {
      "version": "0.2.11",
      "resolved": "https://registry.npmjs.org/iconv-lite/-/iconv-lite-0.2.11.tgz",
      "integrity": "sha1-HOYKOleGSiktEyH/RgnKS7llrcg=",
      "dev": true
    },
    "indexof": {
      "version": "0.0.1",
      "resolved": "https://registry.npmjs.org/indexof/-/indexof-0.0.1.tgz",
      "integrity": "sha1-gtwzbSMrkGIXnQWrMpOmYFn9Q10="
    },
    "inherits": {
      "version": "2.0.3",
      "resolved": "https://registry.npmjs.org/inherits/-/inherits-2.0.3.tgz",
      "integrity": "sha1-Yzwsg+PaQqUC9SRmAiSA9CCCYd4="
    },
    "isarray": {
      "version": "2.0.1",
      "resolved": "https://registry.npmjs.org/isarray/-/isarray-2.0.1.tgz",
      "integrity": "sha1-o32U7ZzaLVmGXJ92/llu4fM4dB4="
    },
    "js-string-escape": {
      "version": "1.0.1",
      "resolved": "https://registry.npmjs.org/js-string-escape/-/js-string-escape-1.0.1.tgz",
      "integrity": "sha1-4mJbrbwNZ8dTPp7cEGjFh65BN+8=",
      "dev": true
    },
    "js-yaml": {
      "version": "2.0.5",
      "resolved": "https://registry.npmjs.org/js-yaml/-/js-yaml-2.0.5.tgz",
      "integrity": "sha1-olrmUJmZ6X3yeMZxnaEb0Gh3Q6g=",
      "dev": true,
      "requires": {
        "argparse": "~ 0.1.11",
        "esprima": "~ 1.0.2"
      }
    },
    "lodash": {
      "version": "0.9.2",
      "resolved": "http://registry.npmjs.org/lodash/-/lodash-0.9.2.tgz",
      "integrity": "sha1-jzSZxSRdNG1oLlsNO0B2fgnxqSw=",
      "dev": true
    },
    "lru-cache": {
      "version": "2.7.3",
      "resolved": "https://registry.npmjs.org/lru-cache/-/lru-cache-2.7.3.tgz",
      "integrity": "sha1-bUUk6LlV+V1PW1iFHOId1y+06VI=",
      "dev": true
    },
    "mime-db": {
      "version": "1.36.0",
      "resolved": "https://registry.npmjs.org/mime-db/-/mime-db-1.36.0.tgz",
      "integrity": "sha512-L+xvyD9MkoYMXb1jAmzI/lWYAxAMCPvIBSWur0PZ5nOf5euahRLVqH//FKW9mWp2lkqUgYiXPgkzfMUFi4zVDw=="
    },
    "mime-types": {
      "version": "2.1.20",
      "resolved": "https://registry.npmjs.org/mime-types/-/mime-types-2.1.20.tgz",
      "integrity": "sha512-HrkrPaP9vGuWbLK1B1FfgAkbqNjIuy4eHlIYnFi7kamZyLLrGlo2mpcx0bBmNpKqBtYtAfGbodDddIgddSJC2A==",
      "requires": {
        "mime-db": "~1.36.0"
      }
    },
    "minimatch": {
      "version": "0.2.14",
      "resolved": "https://registry.npmjs.org/minimatch/-/minimatch-0.2.14.tgz",
      "integrity": "sha1-x054BXT2PG+aCQ6Q775u9TpqdWo=",
      "dev": true,
      "requires": {
        "lru-cache": "2",
        "sigmund": "~1.0.0"
      }
    },
    "moment": {
      "version": "2.22.2",
      "resolved": "https://registry.npmjs.org/moment/-/moment-2.22.2.tgz",
      "integrity": "sha1-PCV/mDn8DpP/UxSWMiOeuQeD/2Y=",
      "dev": true
    },
    "ms": {
      "version": "2.0.0",
      "resolved": "https://registry.npmjs.org/ms/-/ms-2.0.0.tgz",
      "integrity": "sha1-VgiurfwAvmwpAd9fmGF4jeDVl8g="
    },
    "multiparty": {
      "version": "4.2.1",
      "resolved": "https://registry.npmjs.org/multiparty/-/multiparty-4.2.1.tgz",
      "integrity": "sha512-AvESCnNoQlZiOfP9R4mxN8M9csy2L16EIbWIkt3l4FuGti9kXBS8QVzlfyg4HEnarJhrzZilgNFlZtqmoiAIIA==",
      "requires": {
        "fd-slicer": "1.1.0",
        "http-errors": "~1.7.0",
        "safe-buffer": "5.1.2",
        "uid-safe": "2.1.5"
      }
    },
    "mysql": {
      "version": "2.16.0",
      "resolved": "https://registry.npmjs.org/mysql/-/mysql-2.16.0.tgz",
      "integrity": "sha512-dPbN2LHonQp7D5ja5DJXNbCLe/HRdu+f3v61aguzNRQIrmZLOeRoymBYyeThrR6ug+FqzDL95Gc9maqZUJS+Gw==",
      "dev": true,
      "requires": {
        "bignumber.js": "4.1.0",
        "readable-stream": "2.3.6",
        "safe-buffer": "5.1.2",
        "sqlstring": "2.3.1"
      }
    },
    "nan": {
      "version": "1.3.0",
      "resolved": "https://registry.npmjs.org/nan/-/nan-1.3.0.tgz",
      "integrity": "sha1-mluNXvl6EN8wUOWbLDYtO693l0I=",
      "dev": true
    },
    "negotiator": {
      "version": "0.6.1",
      "resolved": "https://registry.npmjs.org/negotiator/-/negotiator-0.6.1.tgz",
      "integrity": "sha1-KzJxhOiZIQEXeyhWP7XnECrNDKk="
    },
    "nopt": {
      "version": "1.0.10",
      "resolved": "https://registry.npmjs.org/nopt/-/nopt-1.0.10.tgz",
      "integrity": "sha1-bd0hvSoxQXuScn3Vhfim83YI6+4=",
      "dev": true,
      "requires": {
        "abbrev": "1"
      }
    },
    "noptify": {
      "version": "0.0.3",
      "resolved": "https://registry.npmjs.org/noptify/-/noptify-0.0.3.tgz",
      "integrity": "sha1-WPZUpz2XU98MUdlobckhBKZ/S7s=",
      "dev": true,
      "requires": {
        "nopt": "~2.0.0"
      },
      "dependencies": {
        "nopt": {
          "version": "2.0.0",
          "resolved": "https://registry.npmjs.org/nopt/-/nopt-2.0.0.tgz",
          "integrity": "sha1-ynQW8gpeP5w7hhgPlilfo9C1Lg0=",
          "dev": true,
          "requires": {
            "abbrev": "1"
          }
        }
      }
    },
    "object-component": {
      "version": "0.0.3",
      "resolved": "https://registry.npmjs.org/object-component/-/object-component-0.0.3.tgz",
      "integrity": "sha1-8MaapQ78lbhmwYb0AKM3acsvEpE="
    },
    "open": {
      "version": "0.0.5",
      "resolved": "https://registry.npmjs.org/open/-/open-0.0.5.tgz",
      "integrity": "sha1-QsPhjslUZra/DcQvOilFw/DK2Pw=",
      "dev": true
    },
    "packet-reader": {
      "version": "0.2.0",
      "resolved": "https://registry.npmjs.org/packet-reader/-/packet-reader-0.2.0.tgz",
      "integrity": "sha1-gZ300BC4LV6lZx+KGjrPA5vNdwA=",
      "dev": true
    },
    "parseqs": {
      "version": "0.0.5",
      "resolved": "https://registry.npmjs.org/parseqs/-/parseqs-0.0.5.tgz",
      "integrity": "sha1-1SCKNzjkZ2bikbouoXNoSSGouJ0=",
      "requires": {
        "better-assert": "~1.0.0"
      }
    },
    "parseuri": {
      "version": "0.0.5",
      "resolved": "https://registry.npmjs.org/parseuri/-/parseuri-0.0.5.tgz",
      "integrity": "sha1-gCBKUNTbt3m/3G6+J3jZDkvOMgo=",
      "requires": {
        "better-assert": "~1.0.0"
      }
    },
    "pend": {
      "version": "1.2.0",
      "resolved": "https://registry.npmjs.org/pend/-/pend-1.2.0.tgz",
      "integrity": "sha1-elfrVQpng/kRUzH89GY9XI4AelA="
    },
    "pg": {
      "version": "3.6.4",
      "resolved": "https://registry.npmjs.org/pg/-/pg-3.6.4.tgz",
      "integrity": "sha1-aXJ6DBetVSrGhUTxzXfGRjQsnuY=",
      "dev": true,
      "requires": {
        "bindings": "1.2.1",
        "buffer-writer": "1.0.0",
        "generic-pool": "2.1.1",
        "js-string-escape": "1.0.1",
        "nan": "1.3.0",
        "packet-reader": "0.2.0",
        "pg-connection-string": "0.1.3",
        "pg-types": "1.6.0",
        "pgpass": "0.0.3"
      }
    },
    "pg-connection-string": {
      "version": "0.1.3",
      "resolved": "https://registry.npmjs.org/pg-connection-string/-/pg-connection-string-0.1.3.tgz",
      "integrity": "sha1-2hhHsglA5C7hSSvq9l1J2RskXfc=",
      "dev": true
    },
    "pg-types": {
      "version": "1.6.0",
      "resolved": "https://registry.npmjs.org/pg-types/-/pg-types-1.6.0.tgz",
      "integrity": "sha1-OHKg8ZkUMCVJf07ipl/a8A1+qLM=",
      "dev": true
    },
    "pgpass": {
      "version": "0.0.3",
      "resolved": "https://registry.npmjs.org/pgpass/-/pgpass-0.0.3.tgz",
      "integrity": "sha1-EuZ+NDsxicLzEgbrycwL7//PkUA=",
      "dev": true,
      "requires": {
        "split": "~0.3"
      }
    },
    "process-nextick-args": {
      "version": "2.0.0",
      "resolved": "https://registry.npmjs.org/process-nextick-args/-/process-nextick-args-2.0.0.tgz",
      "integrity": "sha512-MtEC1TqN0EU5nephaJ4rAtThHtC86dNN9qCuEhtshvpVBkAW5ZO7BASN9REnF9eoXGcRub+pFuKEpOHE+HbEMw==",
      "dev": true
    },
    "qs": {
      "version": "0.5.6",
      "resolved": "https://registry.npmjs.org/qs/-/qs-0.5.6.tgz",
      "integrity": "sha1-MbGtBYVnZRxSaSFQa5qHk5EaA4Q=",
      "dev": true
    },
    "random-bytes": {
      "version": "1.0.0",
      "resolved": "https://registry.npmjs.org/random-bytes/-/random-bytes-1.0.0.tgz",
      "integrity": "sha1-T2ih3Arli9P7lYSMMDJNt11kNgs="
    },
    "readable-stream": {
      "version": "2.3.6",
      "resolved": "https://registry.npmjs.org/readable-stream/-/readable-stream-2.3.6.tgz",
      "integrity": "sha512-tQtKA9WIAhBF3+VLAseyMqZeBjW0AHJoxOtYqSUZNJxauErmLbVm2FW1y+J/YA9dUrAC39ITejlZWhVIwawkKw==",
      "dev": true,
      "requires": {
        "core-util-is": "~1.0.0",
        "inherits": "~2.0.3",
        "isarray": "~1.0.0",
        "process-nextick-args": "~2.0.0",
        "safe-buffer": "~5.1.1",
        "string_decoder": "~1.1.1",
        "util-deprecate": "~1.0.1"
      },
      "dependencies": {
        "isarray": {
          "version": "1.0.0",
          "resolved": "https://registry.npmjs.org/isarray/-/isarray-1.0.0.tgz",
          "integrity": "sha1-u5NdSFgsuhaMBoNJV6VKPgcSTxE=",
          "dev": true
        }
      }
    },
    "rimraf": {
      "version": "2.2.8",
      "resolved": "http://registry.npmjs.org/rimraf/-/rimraf-2.2.8.tgz",
      "integrity": "sha1-5Dm+Kq7jJzIZUnMPmaiSnk/FBYI=",
      "dev": true
    },
    "safe-buffer": {
      "version": "5.1.2",
      "resolved": "https://registry.npmjs.org/safe-buffer/-/safe-buffer-5.1.2.tgz",
      "integrity": "sha512-Gd2UZBJDkXlY7GbJxfsE8/nvKkUEU1G38c1siN6QP6a9PT9MmHB8GnpscSmMJSoF8LOIrt8ud/wPtojys4G6+g=="
    },
    "setprototypeof": {
      "version": "1.1.0",
      "resolved": "https://registry.npmjs.org/setprototypeof/-/setprototypeof-1.1.0.tgz",
      "integrity": "sha512-BvE/TwpZX4FXExxOxZyRGQQv651MSwmWKZGqvmPcRIjDqWub67kTKuIMx43cZZrS/cBBzwBcNDWoFxt2XEFIpQ=="
    },
    "sigmund": {
      "version": "1.0.1",
      "resolved": "https://registry.npmjs.org/sigmund/-/sigmund-1.0.1.tgz",
      "integrity": "sha1-P/IfGYytIXX587eBhT/ZTQ0ZtZA=",
      "dev": true
    },
    "socket.io": {
      "version": "2.1.1",
      "resolved": "https://registry.npmjs.org/socket.io/-/socket.io-2.1.1.tgz",
      "integrity": "sha512-rORqq9c+7W0DAK3cleWNSyfv/qKXV99hV4tZe+gGLfBECw3XEhBy7x85F3wypA9688LKjtwO9pX9L33/xQI8yA==",
      "requires": {
        "debug": "~3.1.0",
        "engine.io": "~3.2.0",
        "has-binary2": "~1.0.2",
        "socket.io-adapter": "~1.1.0",
        "socket.io-client": "2.1.1",
        "socket.io-parser": "~3.2.0"
      }
    },
    "socket.io-adapter": {
      "version": "1.1.1",
      "resolved": "https://registry.npmjs.org/socket.io-adapter/-/socket.io-adapter-1.1.1.tgz",
      "integrity": "sha1-KoBeihTWNyEk3ZFZrUUC+MsH8Gs="
    },
    "socket.io-client": {
      "version": "2.1.1",
      "resolved": "https://registry.npmjs.org/socket.io-client/-/socket.io-client-2.1.1.tgz",
      "integrity": "sha512-jxnFyhAuFxYfjqIgduQlhzqTcOEQSn+OHKVfAxWaNWa7ecP7xSNk2Dx/3UEsDcY7NcFafxvNvKPmmO7HTwTxGQ==",
      "requires": {
        "backo2": "1.0.2",
        "base64-arraybuffer": "0.1.5",
        "component-bind": "1.0.0",
        "component-emitter": "1.2.1",
        "debug": "~3.1.0",
        "engine.io-client": "~3.2.0",
        "has-binary2": "~1.0.2",
        "has-cors": "1.1.0",
        "indexof": "0.0.1",
        "object-component": "0.0.3",
        "parseqs": "0.0.5",
        "parseuri": "0.0.5",
        "socket.io-parser": "~3.2.0",
        "to-array": "0.1.4"
      }
    },
    "socket.io-parser": {
      "version": "3.2.0",
      "resolved": "https://registry.npmjs.org/socket.io-parser/-/socket.io-parser-3.2.0.tgz",
      "integrity": "sha512-FYiBx7rc/KORMJlgsXysflWx/RIvtqZbyGLlHZvjfmPTPeuD/I8MaW7cfFrj5tRltICJdgwflhfZ3NVVbVLFQA==",
      "requires": {
        "component-emitter": "1.2.1",
        "debug": "~3.1.0",
        "isarray": "2.0.1"
      }
    },
    "split": {
      "version": "0.3.3",
      "resolved": "https://registry.npmjs.org/split/-/split-0.3.3.tgz",
      "integrity": "sha1-zQ7qXmOiEd//frDwkcQTPi0N0o8=",
      "dev": true,
      "requires": {
        "through": "2"
      }
    },
    "sqlstring": {
      "version": "2.3.1",
      "resolved": "https://registry.npmjs.org/sqlstring/-/sqlstring-2.3.1.tgz",
      "integrity": "sha1-R1OT/56RR5rqYtyvDKPRSYOn+0A=",
      "dev": true
    },
    "statuses": {
      "version": "1.5.0",
      "resolved": "https://registry.npmjs.org/statuses/-/statuses-1.5.0.tgz",
      "integrity": "sha1-Fhx9rBd2Wf2YEfQ3cfqZOBR4Yow="
    },
    "string_decoder": {
      "version": "1.1.1",
      "resolved": "https://registry.npmjs.org/string_decoder/-/string_decoder-1.1.1.tgz",
      "integrity": "sha512-n/ShnvDi6FHbbVfviro+WojiFzv+s8MPMHBczVePfUpDJLwoLT0ht1l4YwBCbi8pJAveEEdnkHyPyTP/mzRfwg==",
      "dev": true,
      "requires": {
        "safe-buffer": "~5.1.0"
      }
    },
    "through": {
      "version": "2.3.8",
      "resolved": "https://registry.npmjs.org/through/-/through-2.3.8.tgz",
      "integrity": "sha1-DdTJ/6q8NXlgsbckEV1+Doai4fU=",
      "dev": true
    },
    "tiny-lr-fork": {
      "version": "0.0.5",
      "resolved": "https://registry.npmjs.org/tiny-lr-fork/-/tiny-lr-fork-0.0.5.tgz",
      "integrity": "sha1-Hpnh4qhGm3NquX2X7vqYxx927Qo=",
      "dev": true,
      "requires": {
        "debug": "~0.7.0",
        "faye-websocket": "~0.4.3",
        "noptify": "~0.0.3",
        "qs": "~0.5.2"
      },
      "dependencies": {
        "debug": {
          "version": "0.7.4",
          "resolved": "https://registry.npmjs.org/debug/-/debug-0.7.4.tgz",
          "integrity": "sha1-BuHqgILCyxTjmAbiLi9vdX+Srzk=",
          "dev": true
        }
      }
    },
    "to-array": {
      "version": "0.1.4",
      "resolved": "https://registry.npmjs.org/to-array/-/to-array-0.1.4.tgz",
      "integrity": "sha1-F+bBH3PdTz10zaek/zI46a2b+JA="
    },
    "toidentifier": {
      "version": "1.0.0",
      "resolved": "https://registry.npmjs.org/toidentifier/-/toidentifier-1.0.0.tgz",
      "integrity": "sha512-yaOH/Pk/VEhBWWTlhI+qXxDFXlejDGcQipMlyxda9nthulaxLZUNcUqFxokp0vcYnvteJln5FNQDRrxj3YcbVw=="
    },
    "uid-safe": {
      "version": "2.1.5",
      "resolved": "https://registry.npmjs.org/uid-safe/-/uid-safe-2.1.5.tgz",
      "integrity": "sha512-KPHm4VL5dDXKz01UuEd88Df+KzynaohSL9fBh096KWAxSKZQDI2uBrVqtvRM4rwrIrRRKsdLNML/lnaaVSRioA==",
      "requires": {
        "random-bytes": "~1.0.0"
      }
    },
    "ultron": {
      "version": "1.1.1",
      "resolved": "https://registry.npmjs.org/ultron/-/ultron-1.1.1.tgz",
      "integrity": "sha512-UIEXBNeYmKptWH6z8ZnqTeS8fV74zG0/eRU9VGkpzz+LIJNs8W/zM/L+7ctCkRrgbNnnR0xxw4bKOr0cW0N0Og=="
    },
    "underscore": {
      "version": "1.7.0",
      "resolved": "https://registry.npmjs.org/underscore/-/underscore-1.7.0.tgz",
      "integrity": "sha1-a7rwh3UA02vjTsqlhODbn+8DUgk=",
      "dev": true
    },
    "underscore.string": {
      "version": "2.2.1",
      "resolved": "https://registry.npmjs.org/underscore.string/-/underscore.string-2.2.1.tgz",
      "integrity": "sha1-18D6KvXVoaZ/QlPa7pgTLnM/Dxk=",
      "dev": true
    },
    "util-deprecate": {
      "version": "1.0.2",
      "resolved": "https://registry.npmjs.org/util-deprecate/-/util-deprecate-1.0.2.tgz",
      "integrity": "sha1-RQ1Nyfpw3nMnYvvS1KKJgUGaDM8=",
      "dev": true
    },
    "which": {
      "version": "1.0.9",
      "resolved": "https://registry.npmjs.org/which/-/which-1.0.9.tgz",
      "integrity": "sha1-RgwdoPgQED0DIam2M6+eV15kSG8=",
      "dev": true
    },
    "ws": {
      "version": "3.3.3",
      "resolved": "https://registry.npmjs.org/ws/-/ws-3.3.3.tgz",
      "integrity": "sha512-nnWLa/NwZSt4KQJu51MYlCcSQ5g7INpOrOMt4XV8j4dqTXdmlUmSHQ8/oLC069ckre0fRsgfvsKwbTdtKLCDkA==",
      "requires": {
        "async-limiter": "~1.0.0",
        "safe-buffer": "~5.1.0",
        "ultron": "~1.1.0"
      }
    },
    "xmlhttprequest-ssl": {
      "version": "1.5.5",
      "resolved": "https://registry.npmjs.org/xmlhttprequest-ssl/-/xmlhttprequest-ssl-1.5.5.tgz",
      "integrity": "sha1-wodrBhaKrcQOV9l+gRkayPQ5iz4="
    },
    "yeast": {
      "version": "0.1.2",
      "resolved": "https://registry.npmjs.org/yeast/-/yeast-0.1.2.tgz",
      "integrity": "sha1-AI4G2AlDIMNy28L47XagymyKxBk="
    }
  }
}
